Microsoft Visual Studio Solution File, Format Version 12.00
# Visual Studio 15
VisualStudioVersion = 15.0.26228.12
MinimumVisualStudioVersion = 15.0.26124.0
Project("{2150E333-8FDC-42A3-9474-1A3956D46DE8}") = "01 - Demo 1 - Delayed", "01 - Demo 1 - Delayed", "{5DB25405-2C14-4482-BC64-C83FA77C8FB9}"
EndProject
Project("{9A19103F-16F7-4668-BE54-9A1E7A4F7556}") = "Delayed", "01 - Demo 1 - Delayed\Delayed\Delayed.csproj", "{C678B290-957E-404D-ABA2-E7C488850826}"
EndProject
Project("{9A19103F-16F7-4668-BE54-9A1E7A4F7556}") = "Delayed.Tests", "01 - Demo 1 - Delayed\Delayed.Tests\Delayed.Tests.csproj", "{BEFA6365-896A-4A27-9096-A92E29AF353B}"
EndProject
Project("{2150E333-8FDC-42A3-9474-1A3956D46DE8}") = "02 - Lab 1 - SpaceBook", "02 - Lab 1 - SpaceBook", "{04DDFFD9-5150-483C-9336-746F475AE8AD}"
EndProject
Project("{9A19103F-16F7-4668-BE54-9A1E7A4F7556}") = "SpaceBook", "02 - Lab 1 - SpaceBook\SpaceBook\SpaceBook.csproj", "{8BA885B5-772F-4A7E-A94C-363279DB84AF}"
EndProject
Project("{9A19103F-16F7-4668-BE54-9A1E7A4F7556}") = "SpaceBook.Tests", "02 - Lab 1 - SpaceBook\SpaceBook.Tests\SpaceBook.Tests.csproj", "{291B2302-F5A5-4C49-8CDA-8A077541224B}"
EndProject
Project("{2150E333-8FDC-42A3-9474-1A3956D46DE8}") = "03 - Lab 2 - Bugfix Dracula", "03 - Lab 2 - Bugfix Dracula", "{DD04EC8D-39FE-45F6-83DA-DA0D7F230CD5}"
EndProject
Project("{9A19103F-16F7-4668-BE54-9A1E7A4F7556}") = "VampireSlayer", "03 - Lab 2 - Bugfix Dracula\VampireSlayer\VampireSlayer.csproj", "{1AEFDDE8-1134-4FE0-999B-E1F4DCB529ED}"
EndProject
Project("{9A19103F-16F7-4668-BE54-9A1E7A4F7556}") = "VampireSlayer.Tests", "03 - Lab 2 - Bugfix Dracula\VampireSlayer.Tests\VampireSlayer.Tests.csproj", "{F7CD8866-137B-4012-8454-F86B8FC23A50}"
EndProject
Project("{2150E333-8FDC-42A3-9474-1A3956D46DE8}") = "04 - Demo 2 - Greeting", "04 - Demo 2 - Greeting", "{179214DF-3E96-4626-BE87-12759B8F4860}"
EndProject
Project("{9A19103F-16F7-4668-BE54-9A1E7A4F7556}") = "Greeting", "04 - Demo 2 - Greeting\Greeting\Greeting.csproj", "{0B38F820-B2FD-4DBE-BC55-349E0F04903A}"
EndProject
Project("{9A19103F-16F7-4668-BE54-9A1E7A4F7556}") = "Greeting.Tests", "04 - Demo 2 - Greeting\Greeting.Tests\Greeting.Tests.csproj", "{57EE6D63-B257-4901-9103-F4751BF13668}"
EndProject
Project("{2150E333-8FDC-42A3-9474-1A3956D46DE8}") = "05 - Lab 3 - PetShop", "05 - Lab 3 - PetShop", "{2C2DC900-62AA-4DF5-A0A4-6460B6272379}"
EndProject
Project("{9A19103F-16F7-4668-BE54-9A1E7A4F7556}") = "PetShop", "05 - Lab 3 - PetShop\PetShop\PetShop.csproj", "{3F86E3A1-3EA1-48E5-8601-FC904D76FAEB}"
EndProject
Project("{9A19103F-16F7-4668-BE54-9A1E7A4F7556}") = "PetShop.Tests", "05 - Lab 3 - PetShop\PetShop.Tests\PetShop.Tests.csproj", "{2DF349D7-9E00-4190-ABFF-0CE14F55344B}"
EndProject
Project("{2150E333-8FDC-42A3-9474-1A3956D46DE8}") = "06 - Lab 4 - Flight", "06 - Lab 4 - Flight", "{F88E911A-A448-4476-82E0-9DBC6DB906F7}"
EndProject
Project("{9A19103F-16F7-4668-BE54-9A1E7A4F7556}") = "Flight", "06 - Lab 4 - Flight\Flight\Flight.csproj", "{0EE33F89-F7F7-4F4F-BA50-F71ECEDFE043}"
EndProject
Project("{9A19103F-16F7-4668-BE54-9A1E7A4F7556}") = "Flight.Tests", "06 - Lab 4 - Flight\Flight.Tests\Flight.Tests.csproj", "{34002E4D-8A4F-41B5-ABFC-9748DE32FA4C}"
EndProject
Project("{2150E333-8FDC-42A3-9474-1A3956D46DE8}") = "07 - Demo 3 - Refactoring", "07 - Demo 3 - Refactoring", "{23774983-4CB9-4360-BB9A-B245091C2D64}"
EndProject
Project("{9A19103F-16F7-4668-BE54-9A1E7A4F7556}") = "Refactoring", "07 - Demo 3 - Refactoring\Refactoring\Refactoring.csproj", "{836458CD-147C-4C48-B0FA-0805C0AB3D92}"
EndProject
Project("{9A19103F-16F7-4668-BE54-9A1E7A4F7556}") = "Refactoring.Tests", "07 - Demo 3 - Refactoring\Refactoring.Tests\Refactoring.Tests.csproj", "{70C7B785-190B-4486-A7F0-3A9415EB4265}"
EndProject
Project("{2150E333-8FDC-42A3-9474-1A3956D46DE8}") = "08 - Lab 5 - MovieRental", "08 - Lab 5 - MovieRental", "{DB266529-9970-4905-81FE-52C65D607882}"
EndProject
Project("{9A19103F-16F7-4668-BE54-9A1E7A4F7556}") = "MovieRental", "08 - Lab 5 - MovieRental\MovieRental\MovieRental.csproj", "{6F5B740B-B8FB-44FB-B824-C66BF978A38C}"
EndProject
Project("{9A19103F-16F7-4668-BE54-9A1E7A4F7556}") = "MovieRental.Tests", "08 - Lab 5 - MovieRental\MovieRental.Tests\MovieRental.Tests.csproj", "{191E8BD4-251B-4E44-9A92-6F03C8A297FF}"
EndProject
Global
	GlobalSection(SolutionConfigurationPlatforms) = preSolution
		Debug|Any CPU = Debug|Any CPU
		Debug|x64 = Debug|x64
		Debug|x86 = Debug|x86
		Release|Any CPU = Release|Any CPU
		Release|x64 = Release|x64
		Release|x86 = Release|x86
	EndGlobalSection
	GlobalSection(ProjectConfigurationPlatforms) = postSolution
		{C678B290-957E-404D-ABA2-E7C488850826}.Debug|Any CPU.ActiveCfg = Debug|Any CPU
		{C678B290-957E-404D-ABA2-E7C488850826}.Debug|Any CPU.Build.0 = Debug|Any CPU
		{C678B290-957E-404D-ABA2-E7C488850826}.Debug|x64.ActiveCfg = Debug|Any CPU
		{C678B290-957E-404D-ABA2-E7C488850826}.Debug|x64.Build.0 = Debug|Any CPU
		{C678B290-957E-404D-ABA2-E7C488850826}.Debug|x86.ActiveCfg = Debug|Any CPU
		{C678B290-957E-404D-ABA2-E7C488850826}.Debug|x86.Build.0 = Debug|Any CPU
		{C678B290-957E-404D-ABA2-E7C488850826}.Release|Any CPU.ActiveCfg = Release|Any CPU
		{C678B290-957E-404D-ABA2-E7C488850826}.Release|Any CPU.Build.0 = Release|Any CPU
		{C678B290-957E-404D-ABA2-E7C488850826}.Release|x64.ActiveCfg = Release|Any CPU
		{C678B290-957E-404D-ABA2-E7C488850826}.Release|x64.Build.0 = Release|Any CPU
		{C678B290-957E-404D-ABA2-E7C488850826}.Release|x86.ActiveCfg = Release|Any CPU
		{C678B290-957E-404D-ABA2-E7C488850826}.Release|x86.Build.0 = Release|Any CPU
		{BEFA6365-896A-4A27-9096-A92E29AF353B}.Debug|Any CPU.ActiveCfg = Debug|Any CPU
		{BEFA6365-896A-4A27-9096-A92E29AF353B}.Debug|Any CPU.Build.0 = Debug|Any CPU
		{BEFA6365-896A-4A27-9096-A92E29AF353B}.Debug|x64.ActiveCfg = Debug|Any CPU
		{BEFA6365-896A-4A27-9096-A92E29AF353B}.Debug|x64.Build.0 = Debug|Any CPU
		{BEFA6365-896A-4A27-9096-A92E29AF353B}.Debug|x86.ActiveCfg = Debug|Any CPU
		{BEFA6365-896A-4A27-9096-A92E29AF353B}.Debug|x86.Build.0 = Debug|Any CPU
		{BEFA6365-896A-4A27-9096-A92E29AF353B}.Release|Any CPU.ActiveCfg = Release|Any CPU
		{BEFA6365-896A-4A27-9096-A92E29AF353B}.Release|Any CPU.Build.0 = Release|Any CPU
		{BEFA6365-896A-4A27-9096-A92E29AF353B}.Release|x64.ActiveCfg = Release|Any CPU
		{BEFA6365-896A-4A27-9096-A92E29AF353B}.Release|x64.Build.0 = Release|Any CPU
		{BEFA6365-896A-4A27-9096-A92E29AF353B}.Release|x86.ActiveCfg = Release|Any CPU
		{BEFA6365-896A-4A27-9096-A92E29AF353B}.Release|x86.Build.0 = Release|Any CPU
		{8BA885B5-772F-4A7E-A94C-363279DB84AF}.Debug|Any CPU.ActiveCfg = Debug|Any CPU
		{8BA885B5-772F-4A7E-A94C-363279DB84AF}.Debug|Any CPU.Build.0 = Debug|Any CPU
		{8BA885B5-772F-4A7E-A94C-363279DB84AF}.Debug|x64.ActiveCfg = Debug|Any CPU
		{8BA885B5-772F-4A7E-A94C-363279DB84AF}.Debug|x64.Build.0 = Debug|Any CPU
		{8BA885B5-772F-4A7E-A94C-363279DB84AF}.Debug|x86.ActiveCfg = Debug|Any CPU
		{8BA885B5-772F-4A7E-A94C-363279DB84AF}.Debug|x86.Build.0 = Debug|Any CPU
		{8BA885B5-772F-4A7E-A94C-363279DB84AF}.Release|Any CPU.ActiveCfg = Release|Any CPU
		{8BA885B5-772F-4A7E-A94C-363279DB84AF}.Release|Any CPU.Build.0 = Release|Any CPU
		{8BA885B5-772F-4A7E-A94C-363279DB84AF}.Release|x64.ActiveCfg = Release|Any CPU
		{8BA885B5-772F-4A7E-A94C-363279DB84AF}.Release|x64.Build.0 = Release|Any CPU
		{8BA885B5-772F-4A7E-A94C-363279DB84AF}.Release|x86.ActiveCfg = Release|Any CPU
		{8BA885B5-772F-4A7E-A94C-363279DB84AF}.Release|x86.Build.0 = Release|Any CPU
		{291B2302-F5A5-4C49-8CDA-8A077541224B}.Debug|Any CPU.ActiveCfg = Debug|Any CPU
		{291B2302-F5A5-4C49-8CDA-8A077541224B}.Debug|Any CPU.Build.0 = Debug|Any CPU
		{291B2302-F5A5-4C49-8CDA-8A077541224B}.Debug|x64.ActiveCfg = Debug|Any CPU
		{291B2302-F5A5-4C49-8CDA-8A077541224B}.Debug|x64.Build.0 = Debug|Any CPU
		{291B2302-F5A5-4C49-8CDA-8A077541224B}.Debug|x86.ActiveCfg = Debug|Any CPU
		{291B2302-F5A5-4C49-8CDA-8A077541224B}.Debug|x86.Build.0 = Debug|Any CPU
		{291B2302-F5A5-4C49-8CDA-8A077541224B}.Release|Any CPU.ActiveCfg = Release|Any CPU
		{291B2302-F5A5-4C49-8CDA-8A077541224B}.Release|Any CPU.Build.0 = Release|Any CPU
		{291B2302-F5A5-4C49-8CDA-8A077541224B}.Release|x64.ActiveCfg = Release|Any CPU
		{291B2302-F5A5-4C49-8CDA-8A077541224B}.Release|x64.Build.0 = Release|Any CPU
		{291B2302-F5A5-4C49-8CDA-8A077541224B}.Release|x86.ActiveCfg = Release|Any CPU
		{291B2302-F5A5-4C49-8CDA-8A077541224B}.Release|x86.Build.0 = Release|Any CPU
		{1AEFDDE8-1134-4FE0-999B-E1F4DCB529ED}.Debug|Any CPU.ActiveCfg = Debug|Any CPU
		{1AEFDDE8-1134-4FE0-999B-E1F4DCB529ED}.Debug|Any CPU.Build.0 = Debug|Any CPU
		{1AEFDDE8-1134-4FE0-999B-E1F4DCB529ED}.Debug|x64.ActiveCfg = Debug|Any CPU
		{1AEFDDE8-1134-4FE0-999B-E1F4DCB529ED}.Debug|x64.Build.0 = Debug|Any CPU
		{1AEFDDE8-1134-4FE0-999B-E1F4DCB529ED}.Debug|x86.ActiveCfg = Debug|Any CPU
		{1AEFDDE8-1134-4FE0-999B-E1F4DCB529ED}.Debug|x86.Build.0 = Debug|Any CPU
		{1AEFDDE8-1134-4FE0-999B-E1F4DCB529ED}.Release|Any CPU.ActiveCfg = Release|Any CPU
		{1AEFDDE8-1134-4FE0-999B-E1F4DCB529ED}.Release|Any CPU.Build.0 = Release|Any CPU
		{1AEFDDE8-1134-4FE0-999B-E1F4DCB529ED}.Release|x64.ActiveCfg = Release|Any CPU
		{1AEFDDE8-1134-4FE0-999B-E1F4DCB529ED}.Release|x64.Build.0 = Release|Any CPU
		{1AEFDDE8-1134-4FE0-999B-E1F4DCB529ED}.Release|x86.ActiveCfg = Release|Any CPU
		{1AEFDDE8-1134-4FE0-999B-E1F4DCB529ED}.Release|x86.Build.0 = Release|Any CPU
		{F7CD8866-137B-4012-8454-F86B8FC23A50}.Debug|Any CPU.ActiveCfg = Debug|Any CPU
		{F7CD8866-137B-4012-8454-F86B8FC23A50}.Debug|Any CPU.Build.0 = Debug|Any CPU
		{F7CD8866-137B-4012-8454-F86B8FC23A50}.Debug|x64.ActiveCfg = Debug|Any CPU
		{F7CD8866-137B-4012-8454-F86B8FC23A50}.Debug|x64.Build.0 = Debug|Any CPU
		{F7CD8866-137B-4012-8454-F86B8FC23A50}.Debug|x86.ActiveCfg = Debug|Any CPU
		{F7CD8866-137B-4012-8454-F86B8FC23A50}.Debug|x86.Build.0 = Debug|Any CPU
		{F7CD8866-137B-4012-8454-F86B8FC23A50}.Release|Any CPU.ActiveCfg = Release|Any CPU
		{F7CD8866-137B-4012-8454-F86B8FC23A50}.Release|Any CPU.Build.0 = Release|Any CPU
		{F7CD8866-137B-4012-8454-F86B8FC23A50}.Release|x64.ActiveCfg = Release|Any CPU
		{F7CD8866-137B-4012-8454-F86B8FC23A50}.Release|x64.Build.0 = Release|Any CPU
		{F7CD8866-137B-4012-8454-F86B8FC23A50}.Release|x86.ActiveCfg = Release|Any CPU
		{F7CD8866-137B-4012-8454-F86B8FC23A50}.Release|x86.Build.0 = Release|Any CPU
		{0B38F820-B2FD-4DBE-BC55-349E0F04903A}.Debug|Any CPU.ActiveCfg = Debug|Any CPU
		{0B38F820-B2FD-4DBE-BC55-349E0F04903A}.Debug|Any CPU.Build.0 = Debug|Any CPU
		{0B38F820-B2FD-4DBE-BC55-349E0F04903A}.Debug|x64.ActiveCfg = Debug|Any CPU
		{0B38F820-B2FD-4DBE-BC55-349E0F04903A}.Debug|x64.Build.0 = Debug|Any CPU
		{0B38F820-B2FD-4DBE-BC55-349E0F04903A}.Debug|x86.ActiveCfg = Debug|Any CPU
		{0B38F820-B2FD-4DBE-BC55-349E0F04903A}.Debug|x86.Build.0 = Debug|Any CPU
		{0B38F820-B2FD-4DBE-BC55-349E0F04903A}.Release|Any CPU.ActiveCfg = Release|Any CPU
		{0B38F820-B2FD-4DBE-BC55-349E0F04903A}.Release|Any CPU.Build.0 = Release|Any CPU
		{0B38F820-B2FD-4DBE-BC55-349E0F04903A}.Release|x64.ActiveCfg = Release|Any CPU
		{0B38F820-B2FD-4DBE-BC55-349E0F04903A}.Release|x64.Build.0 = Release|Any CPU
		{0B38F820-B2FD-4DBE-BC55-349E0F04903A}.Release|x86.ActiveCfg = Release|Any CPU
		{0B38F820-B2FD-4DBE-BC55-349E0F04903A}.Release|x86.Build.0 = Release|Any CPU
		{57EE6D63-B257-4901-9103-F4751BF13668}.Debug|Any CPU.ActiveCfg = Debug|Any CPU
		{57EE6D63-B257-4901-9103-F4751BF13668}.Debug|Any CPU.Build.0 = Debug|Any CPU
		{57EE6D63-B257-4901-9103-F4751BF13668}.Debug|x64.ActiveCfg = Debug|Any CPU
		{57EE6D63-B257-4901-9103-F4751BF13668}.Debug|x64.Build.0 = Debug|Any CPU
		{57EE6D63-B257-4901-9103-F4751BF13668}.Debug|x86.ActiveCfg = Debug|Any CPU
		{57EE6D63-B257-4901-9103-F4751BF13668}.Debug|x86.Build.0 = Debug|Any CPU
		{57EE6D63-B257-4901-9103-F4751BF13668}.Release|Any CPU.ActiveCfg = Release|Any CPU
		{57EE6D63-B257-4901-9103-F4751BF13668}.Release|Any CPU.Build.0 = Release|Any CPU
		{57EE6D63-B257-4901-9103-F4751BF13668}.Release|x64.ActiveCfg = Release|Any CPU
		{57EE6D63-B257-4901-9103-F4751BF13668}.Release|x64.Build.0 = Release|Any CPU
		{57EE6D63-B257-4901-9103-F4751BF13668}.Release|x86.ActiveCfg = Release|Any CPU
		{57EE6D63-B257-4901-9103-F4751BF13668}.Release|x86.Build.0 = Release|Any CPU
		{3F86E3A1-3EA1-48E5-8601-FC904D76FAEB}.Debug|Any CPU.ActiveCfg = Debug|Any CPU
		{3F86E3A1-3EA1-48E5-8601-FC904D76FAEB}.Debug|Any CPU.Build.0 = Debug|Any CPU
		{3F86E3A1-3EA1-48E5-8601-FC904D76FAEB}.Debug|x64.ActiveCfg = Debug|Any CPU
		{3F86E3A1-3EA1-48E5-8601-FC904D76FAEB}.Debug|x64.Build.0 = Debug|Any CPU
		{3F86E3A1-3EA1-48E5-8601-FC904D76FAEB}.Debug|x86.ActiveCfg = Debug|Any CPU
		{3F86E3A1-3EA1-48E5-8601-FC904D76FAEB}.Debug|x86.Build.0 = Debug|Any CPU
		{3F86E3A1-3EA1-48E5-8601-FC904D76FAEB}.Release|Any CPU.ActiveCfg = Release|Any CPU
		{3F86E3A1-3EA1-48E5-8601-FC904D76FAEB}.Release|Any CPU.Build.0 = Release|Any CPU
		{3F86E3A1-3EA1-48E5-8601-FC904D76FAEB}.Release|x64.ActiveCfg = Release|Any CPU
		{3F86E3A1-3EA1-48E5-8601-FC904D76FAEB}.Release|x64.Build.0 = Release|Any CPU
		{3F86E3A1-3EA1-48E5-8601-FC904D76FAEB}.Release|x86.ActiveCfg = Release|Any CPU
		{3F86E3A1-3EA1-48E5-8601-FC904D76FAEB}.Release|x86.Build.0 = Release|Any CPU
		{2DF349D7-9E00-4190-ABFF-0CE14F55344B}.Debug|Any CPU.ActiveCfg = Debug|Any CPU
		{2DF349D7-9E00-4190-ABFF-0CE14F55344B}.Debug|Any CPU.Build.0 = Debug|Any CPU
		{2DF349D7-9E00-4190-ABFF-0CE14F55344B}.Debug|x64.ActiveCfg = Debug|Any CPU
		{2DF349D7-9E00-4190-ABFF-0CE14F55344B}.Debug|x64.Build.0 = Debug|Any CPU
		{2DF349D7-9E00-4190-ABFF-0CE14F55344B}.Debug|x86.ActiveCfg = Debug|Any CPU
		{2DF349D7-9E00-4190-ABFF-0CE14F55344B}.Debug|x86.Build.0 = Debug|Any CPU
		{2DF349D7-9E00-4190-ABFF-0CE14F55344B}.Release|Any CPU.ActiveCfg = Release|Any CPU
		{2DF349D7-9E00-4190-ABFF-0CE14F55344B}.Release|Any CPU.Build.0 = Release|Any CPU
		{2DF349D7-9E00-4190-ABFF-0CE14F55344B}.Release|x64.ActiveCfg = Release|Any CPU
		{2DF349D7-9E00-4190-ABFF-0CE14F55344B}.Release|x64.Build.0 = Release|Any CPU
		{2DF349D7-9E00-4190-ABFF-0CE14F55344B}.Release|x86.ActiveCfg = Release|Any CPU
		{2DF349D7-9E00-4190-ABFF-0CE14F55344B}.Release|x86.Build.0 = Release|Any CPU
		{0EE33F89-F7F7-4F4F-BA50-F71ECEDFE043}.Debug|Any CPU.ActiveCfg = Debug|Any CPU
		{0EE33F89-F7F7-4F4F-BA50-F71ECEDFE043}.Debug|Any CPU.Build.0 = Debug|Any CPU
		{0EE33F89-F7F7-4F4F-BA50-F71ECEDFE043}.Debug|x64.ActiveCfg = Debug|Any CPU
		{0EE33F89-F7F7-4F4F-BA50-F71ECEDFE043}.Debug|x64.Build.0 = Debug|Any CPU
		{0EE33F89-F7F7-4F4F-BA50-F71ECEDFE043}.Debug|x86.ActiveCfg = Debug|Any CPU
		{0EE33F89-F7F7-4F4F-BA50-F71ECEDFE043}.Debug|x86.Build.0 = Debug|Any CPU
		{0EE33F89-F7F7-4F4F-BA50-F71ECEDFE043}.Release|Any CPU.ActiveCfg = Release|Any CPU
		{0EE33F89-F7F7-4F4F-BA50-F71ECEDFE043}.Release|Any CPU.Build.0 = Release|Any CPU
		{0EE33F89-F7F7-4F4F-BA50-F71ECEDFE043}.Release|x64.ActiveCfg = Release|Any CPU
		{0EE33F89-F7F7-4F4F-BA50-F71ECEDFE043}.Release|x64.Build.0 = Release|Any CPU
		{0EE33F89-F7F7-4F4F-BA50-F71ECEDFE043}.Release|x86.ActiveCfg = Release|Any CPU
		{0EE33F89-F7F7-4F4F-BA50-F71ECEDFE043}.Release|x86.Build.0 = Release|Any CPU
		{34002E4D-8A4F-41B5-ABFC-9748DE32FA4C}.Debug|Any CPU.ActiveCfg = Debug|Any CPU
		{34002E4D-8A4F-41B5-ABFC-9748DE32FA4C}.Debug|Any CPU.Build.0 = Debug|Any CPU
		{34002E4D-8A4F-41B5-ABFC-9748DE32FA4C}.Debug|x64.ActiveCfg = Debug|Any CPU
		{34002E4D-8A4F-41B5-ABFC-9748DE32FA4C}.Debug|x64.Build.0 = Debug|Any CPU
		{34002E4D-8A4F-41B5-ABFC-9748DE32FA4C}.Debug|x86.ActiveCfg = Debug|Any CPU
		{34002E4D-8A4F-41B5-ABFC-9748DE32FA4C}.Debug|x86.Build.0 = Debug|Any CPU
		{34002E4D-8A4F-41B5-ABFC-9748DE32FA4C}.Release|Any CPU.ActiveCfg = Release|Any CPU
		{34002E4D-8A4F-41B5-ABFC-9748DE32FA4C}.Release|Any CPU.Build.0 = Release|Any CPU
		{34002E4D-8A4F-41B5-ABFC-9748DE32FA4C}.Release|x64.ActiveCfg = Release|Any CPU
		{34002E4D-8A4F-41B5-ABFC-9748DE32FA4C}.Release|x64.Build.0 = Release|Any CPU
		{34002E4D-8A4F-41B5-ABFC-9748DE32FA4C}.Release|x86.ActiveCfg = Release|Any CPU
		{34002E4D-8A4F-41B5-ABFC-9748DE32FA4C}.Release|x86.Build.0 = Release|Any CPU
		{836458CD-147C-4C48-B0FA-0805C0AB3D92}.Debug|Any CPU.ActiveCfg = Debug|Any CPU
		{836458CD-147C-4C48-B0FA-0805C0AB3D92}.Debug|Any CPU.Build.0 = Debug|Any CPU
		{836458CD-147C-4C48-B0FA-0805C0AB3D92}.Debug|x64.ActiveCfg = Debug|Any CPU
		{836458CD-147C-4C48-B0FA-0805C0AB3D92}.Debug|x64.Build.0 = Debug|Any CPU
		{836458CD-147C-4C48-B0FA-0805C0AB3D92}.Debug|x86.ActiveCfg = Debug|Any CPU
		{836458CD-147C-4C48-B0FA-0805C0AB3D92}.Debug|x86.Build.0 = Debug|Any CPU
		{836458CD-147C-4C48-B0FA-0805C0AB3D92}.Release|Any CPU.ActiveCfg = Release|Any CPU
		{836458CD-147C-4C48-B0FA-0805C0AB3D92}.Release|Any CPU.Build.0 = Release|Any CPU
		{836458CD-147C-4C48-B0FA-0805C0AB3D92}.Release|x64.ActiveCfg = Release|Any CPU
		{836458CD-147C-4C48-B0FA-0805C0AB3D92}.Release|x64.Build.0 = Release|Any CPU
		{836458CD-147C-4C48-B0FA-0805C0AB3D92}.Release|x86.ActiveCfg = Release|Any CPU
		{836458CD-147C-4C48-B0FA-0805C0AB3D92}.Release|x86.Build.0 = Release|Any CPU
		{70C7B785-190B-4486-A7F0-3A9415EB4265}.Debug|Any CPU.ActiveCfg = Debug|Any CPU
		{70C7B785-190B-4486-A7F0-3A9415EB4265}.Debug|Any CPU.Build.0 = Debug|Any CPU
		{70C7B785-190B-4486-A7F0-3A9415EB4265}.Debug|x64.ActiveCfg = Debug|Any CPU
		{70C7B785-190B-4486-A7F0-3A9415EB4265}.Debug|x64.Build.0 = Debug|Any CPU
		{70C7B785-190B-4486-A7F0-3A9415EB4265}.Debug|x86.ActiveCfg = Debug|Any CPU
		{70C7B785-190B-4486-A7F0-3A9415EB4265}.Debug|x86.Build.0 = Debug|Any CPU
		{70C7B785-190B-4486-A7F0-3A9415EB4265}.Release|Any CPU.ActiveCfg = Release|Any CPU
		{70C7B785-190B-4486-A7F0-3A9415EB4265}.Release|Any CPU.Build.0 = Release|Any CPU
		{70C7B785-190B-4486-A7F0-3A9415EB4265}.Release|x64.ActiveCfg = Release|Any CPU
		{70C7B785-190B-4486-A7F0-3A9415EB4265}.Release|x64.Build.0 = Release|Any CPU
		{70C7B785-190B-4486-A7F0-3A9415EB4265}.Release|x86.ActiveCfg = Release|Any CPU
		{70C7B785-190B-4486-A7F0-3A9415EB4265}.Release|x86.Build.0 = Release|Any CPU
		{6F5B740B-B8FB-44FB-B824-C66BF978A38C}.Debug|Any CPU.ActiveCfg = Debug|Any CPU
		{6F5B740B-B8FB-44FB-B824-C66BF978A38C}.Debug|Any CPU.Build.0 = Debug|Any CPU
		{6F5B740B-B8FB-44FB-B824-C66BF978A38C}.Debug|x64.ActiveCfg = Debug|Any CPU
		{6F5B740B-B8FB-44FB-B824-C66BF978A38C}.Debug|x64.Build.0 = Debug|Any CPU
		{6F5B740B-B8FB-44FB-B824-C66BF978A38C}.Debug|x86.ActiveCfg = Debug|Any CPU
		{6F5B740B-B8FB-44FB-B824-C66BF978A38C}.Debug|x86.Build.0 = Debug|Any CPU
		{6F5B740B-B8FB-44FB-B824-C66BF978A38C}.Release|Any CPU.ActiveCfg = Release|Any CPU
		{6F5B740B-B8FB-44FB-B824-C66BF978A38C}.Release|Any CPU.Build.0 = Release|Any CPU
		{6F5B740B-B8FB-44FB-B824-C66BF978A38C}.Release|x64.ActiveCfg = Release|Any CPU
		{6F5B740B-B8FB-44FB-B824-C66BF978A38C}.Release|x64.Build.0 = Release|Any CPU
		{6F5B740B-B8FB-44FB-B824-C66BF978A38C}.Release|x86.ActiveCfg = Release|Any CPU
		{6F5B740B-B8FB-44FB-B824-C66BF978A38C}.Release|x86.Build.0 = Release|Any CPU
		{191E8BD4-251B-4E44-9A92-6F03C8A297FF}.Debug|Any CPU.ActiveCfg = Debug|Any CPU
		{191E8BD4-251B-4E44-9A92-6F03C8A297FF}.Debug|Any CPU.Build.0 = Debug|Any CPU
		{191E8BD4-251B-4E44-9A92-6F03C8A297FF}.Debug|x64.ActiveCfg = Debug|Any CPU
		{191E8BD4-251B-4E44-9A92-6F03C8A297FF}.Debug|x64.Build.0 = Debug|Any CPU
		{191E8BD4-251B-4E44-9A92-6F03C8A297FF}.Debug|x86.ActiveCfg = Debug|Any CPU
		{191E8BD4-251B-4E44-9A92-6F03C8A297FF}.Debug|x86.Build.0 = Debug|Any CPU
		{191E8BD4-251B-4E44-9A92-6F03C8A297FF}.Release|Any CPU.ActiveCfg = Release|Any CPU
		{191E8BD4-251B-4E44-9A92-6F03C8A297FF}.Release|Any CPU.Build.0 = Release|Any CPU
		{191E8BD4-251B-4E44-9A92-6F03C8A297FF}.Release|x64.ActiveCfg = Release|Any CPU
		{191E8BD4-251B-4E44-9A92-6F03C8A297FF}.Release|x64.Build.0 = Release|Any CPU
		{191E8BD4-251B-4E44-9A92-6F03C8A297FF}.Release|x86.ActiveCfg = Release|Any CPU
		{191E8BD4-251B-4E44-9A92-6F03C8A297FF}.Release|x86.Build.0 = Release|Any CPU
	EndGlobalSection
	GlobalSection(SolutionProperties) = preSolution
		HideSolutionNode = FALSE
	EndGlobalSection
	GlobalSection(NestedProjects) = preSolution
		{C678B290-957E-404D-ABA2-E7C488850826} = {5DB25405-2C14-4482-BC64-C83FA77C8FB9}
		{BEFA6365-896A-4A27-9096-A92E29AF353B} = {5DB25405-2C14-4482-BC64-C83FA77C8FB9}
		{8BA885B5-772F-4A7E-A94C-363279DB84AF} = {04DDFFD9-5150-483C-9336-746F475AE8AD}
		{291B2302-F5A5-4C49-8CDA-8A077541224B} = {04DDFFD9-5150-483C-9336-746F475AE8AD}
		{1AEFDDE8-1134-4FE0-999B-E1F4DCB529ED} = {DD04EC8D-39FE-45F6-83DA-DA0D7F230CD5}
		{F7CD8866-137B-4012-8454-F86B8FC23A50} = {DD04EC8D-39FE-45F6-83DA-DA0D7F230CD5}
		{0B38F820-B2FD-4DBE-BC55-349E0F04903A} = {179214DF-3E96-4626-BE87-12759B8F4860}
		{57EE6D63-B257-4901-9103-F4751BF13668} = {179214DF-3E96-4626-BE87-12759B8F4860}
		{3F86E3A1-3EA1-48E5-8601-FC904D76FAEB} = {2C2DC900-62AA-4DF5-A0A4-6460B6272379}
		{2DF349D7-9E00-4190-ABFF-0CE14F55344B} = {2C2DC900-62AA-4DF5-A0A4-6460B6272379}
		{0EE33F89-F7F7-4F4F-BA50-F71ECEDFE043} = {F88E911A-A448-4476-82E0-9DBC6DB906F7}
		{34002E4D-8A4F-41B5-ABFC-9748DE32FA4C} = {F88E911A-A448-4476-82E0-9DBC6DB906F7}
		{836458CD-147C-4C48-B0FA-0805C0AB3D92} = {23774983-4CB9-4360-BB9A-B245091C2D64}
		{70C7B785-190B-4486-A7F0-3A9415EB4265} = {23774983-4CB9-4360-BB9A-B245091C2D64}
		{6F5B740B-B8FB-44FB-B824-C66BF978A38C} = {DB266529-9970-4905-81FE-52C65D607882}
		{191E8BD4-251B-4E44-9A92-6F03C8A297FF} = {DB266529-9970-4905-81FE-52C65D607882}
	EndGlobalSection
EndGlobal
